
Microsoft Visual Studio Solution File, Format Version 12.00
# Visual Studio Version 16
VisualStudioVersion = 16.0.29709.97
MinimumVisualStudioVersion = 10.0.40219.1
Project("{FAE04EC0-301F-11D3-BF4B-00C04F79EFBC}") = "SingleInheritance", "SingleInheritance\SingleInheritance.csproj", "{9DA50A83-1AF2-4E98-B2C0-09B50266AC2D}"
EndProject
Project("{FAE04EC0-301F-11D3-BF4B-00C04F79EFBC}") = "MultipleInheritance", "MultipleInheritance\MultipleInheritance.csproj", "{CFA7CE10-DD58-4D78-B02D-13B53DEC730E}"
EndProject
Project("{FAE04EC0-301F-11D3-BF4B-00C04F79EFBC}") = "HierarchicalInheritance", "HierarchicalInheritance\HierarchicalInheritance.csproj", "{728F2A05-37B0-49F9-81F2-1608718B2B90}"
EndProject
Project("{FAE04EC0-301F-11D3-BF4B-00C04F79EFBC}") = "RandomList", "RandomList\RandomList.csproj", "{8F17AF5D-A153-488F-A8A2-B71B5F3FFD4F}"
EndProject
Project("{FAE04EC0-301F-11D3-BF4B-00C04F79EFBC}") = "StackOfStrings", "StackOfStrings\StackOfStrings.csproj", "{11A01973-614E-47A1-A53C-26120CBBB14B}"
EndProject
Global
	GlobalSection(SolutionConfigurationPlatforms) = preSolution
		Debug|Any CPU = Debug|Any CPU
		Release|Any CPU = Release|Any CPU
	EndGlobalSection
	GlobalSection(ProjectConfigurationPlatforms) = postSolution
		{9DA50A83-1AF2-4E98-B2C0-09B50266AC2D}.Debug|Any CPU.ActiveCfg = Debug|Any CPU
		{9DA50A83-1AF2-4E98-B2C0-09B50266AC2D}.Debug|Any CPU.Build.0 = Debug|Any CPU
		{9DA50A83-1AF2-4E98-B2C0-09B50266AC2D}.Release|Any CPU.ActiveCfg = Release|Any CPU
		{9DA50A83-1AF2-4E98-B2C0-09B50266AC2D}.Release|Any CPU.Build.0 = Release|Any CPU
		{CFA7CE10-DD58-4D78-B02D-13B53DEC730E}.Debug|Any CPU.ActiveCfg = Debug|Any CPU
		{CFA7CE10-DD58-4D78-B02D-13B53DEC730E}.Debug|Any CPU.Build.0 = Debug|Any CPU
		{CFA7CE10-DD58-4D78-B02D-13B53DEC730E}.Release|Any CPU.ActiveCfg = Release|Any CPU
		{CFA7CE10-DD58-4D78-B02D-13B53DEC730E}.Release|Any CPU.Build.0 = Release|Any CPU
		{728F2A05-37B0-49F9-81F2-1608718B2B90}.Debug|Any CPU.ActiveCfg = Debug|Any CPU
		{728F2A05-37B0-49F9-81F2-1608718B2B90}.Debug|Any CPU.Build.0 = Debug|Any CPU
		{728F2A05-37B0-49F9-81F2-1608718B2B90}.Release|Any CPU.ActiveCfg = Release|Any CPU
		{728F2A05-37B0-49F9-81F2-1608718B2B90}.Release|Any CPU.Build.0 = Release|Any CPU
		{8F17AF5D-A153-488F-A8A2-B71B5F3FFD4F}.Debug|Any CPU.ActiveCfg = Debug|Any CPU
		{8F17AF5D-A153-488F-A8A2-B71B5F3FFD4F}.Debug|Any CPU.Build.0 = Debug|Any CPU
		{8F17AF5D-A153-488F-A8A2-B71B5F3FFD4F}.Release|Any CPU.ActiveCfg = Release|Any CPU
		{8F17AF5D-A153-488F-A8A2-B71B5F3FFD4F}.Release|Any CPU.Build.0 = Release|Any CPU
		{11A01973-614E-47A1-A53C-26120CBBB14B}.Debug|Any CPU.ActiveCfg = Debug|Any CPU
		{11A01973-614E-47A1-A53C-26120CBBB14B}.Debug|Any CPU.Build.0 = Debug|Any CPU
		{11A01973-614E-47A1-A53C-26120CBBB14B}.Release|Any CPU.ActiveCfg = Release|Any CPU
		{11A01973-614E-47A1-A53C-26120CBBB14B}.Release|Any CPU.Build.0 = Release|Any CPU
	EndGlobalSection
	GlobalSection(SolutionProperties) = preSolution
		HideSolutionNode = FALSE
	EndGlobalSection
	GlobalSection(ExtensibilityGlobals) = postSolution
		SolutionGuid = {80E19F57-059B-4BD9-8597-DE10EDE12094}
	EndGlobalSection
EndGlobal
